
Microsoft Visual Studio Solution File, Format Version 12.00
# Visual Studio Version 16
VisualStudioVersion = 16.0.31729.503
MinimumVisualStudioVersion = 10.0.40219.1
Project("{8BC9CEB8-8B4A-11D0-8D11-00A0C91BC942}") = "T 9.6", "T 9.6\T 9.6.vcxproj", "{FD6B695F-F76F-4973-8B35-6A0951030165}"
EndProject
Global
	GlobalSection(SolutionConfigurationPlatforms) = preSolution
		Debug|x64 = Debug|x64
		Debug|x86 = Debug|x86
		Release|x64 = Release|x64
		Release|x86 = Release|x86
	EndGlobalSection
	GlobalSection(ProjectConfigurationPlatforms) = postSolution
		{FD6B695F-F76F-4973-8B35-6A0951030165}.Debug|x64.ActiveCfg = Debug|x64
		{FD6B695F-F76F-4973-8B35-6A0951030165}.Debug|x64.Build.0 = Debug|x64
		{FD6B695F-F76F-4973-8B35-6A0951030165}.Debug|x86.ActiveCfg = Debug|Win32
		{FD6B695F-F76F-4973-8B35-6A0951030165}.Debug|x86.Build.0 = Debug|Win32
		{FD6B695F-F76F-4973-8B35-6A0951030165}.Release|x64.ActiveCfg = Release|x64
		{FD6B695F-F76F-4973-8B35-6A0951030165}.Release|x64.Build.0 = Release|x64
		{FD6B695F-F76F-4973-8B35-6A0951030165}.Release|x86.ActiveCfg = Release|Win32
		{FD6B695F-F76F-4973-8B35-6A0951030165}.Release|x86.Build.0 = Release|Win32
	EndGlobalSection
	GlobalSection(SolutionProperties) = preSolution
		HideSolutionNode = FALSE
	EndGlobalSection
	GlobalSection(ExtensibilityGlobals) = postSolution
		SolutionGuid = {354D78C6-04F3-49B0-ACDF-ECA3BE906DA4}
	EndGlobalSection
EndGlobal
